// !$*UTF8*$!
{
	archiveVersion = 1;
	classes = {
	};
	objectVersion = 46;
	objects = {

/* Begin PBXBuildFile section */
		8F8E02EE1D32DCA00014BE9A /* AppDelegate.swift in Sources */ = {isa = PBXBuildFile; fileRef = 8F8E02ED1D32DCA00014BE9A /* AppDelegate.swift */; };
		8F8E02F51D32DCA00014BE9A /* Assets.xcassets in Resources */ = {isa = PBXBuildFile; fileRef = 8F8E02F41D32DCA00014BE9A /* Assets.xcassets */; };
		8F8E02F81D32DCA00014BE9A /* LaunchScreen.storyboard in Resources */ = {isa = PBXBuildFile; fileRef = 8F8E02F61D32DCA00014BE9A /* LaunchScreen.storyboard */; };
		8F8E03031D32DCA00014BE9A /* swift_pushupprotocolsTests.swift in Sources */ = {isa = PBXBuildFile; fileRef = 8F8E03021D32DCA00014BE9A /* swift_pushupprotocolsTests.swift */; };
		8F8E030E1D32DD880014BE9A /* Main.storyboard in Resources */ = {isa = PBXBuildFile; fileRef = 8F8E030D1D32DD880014BE9A /* Main.storyboard */; };
		8F8E03101D32DDC70014BE9A /* StatsViewController.swift in Sources */ = {isa = PBXBuildFile; fileRef = 8F8E030F1D32DDC70014BE9A /* StatsViewController.swift */; };
		8F8E03121D32DDD60014BE9A /* AddEntryViewController.swift in Sources */ = {isa = PBXBuildFile; fileRef = 8F8E03111D32DDD60014BE9A /* AddEntryViewController.swift */; };
		8F8E03161D32DE3E0014BE9A /* FISWorkout.swift in Sources */ = {isa = PBXBuildFile; fileRef = 8F8E03151D32DE3E0014BE9A /* FISWorkout.swift */; };
		8F8E03181D32DE500014BE9A /* FISExercise.swift in Sources */ = {isa = PBXBuildFile; fileRef = 8F8E03171D32DE500014BE9A /* FISExercise.swift */; };
/* End PBXBuildFile section */

/* Begin PBXContainerItemProxy section */
		8F8E02FF1D32DCA00014BE9A /* PBXContainerItemProxy */ = {
			isa = PBXContainerItemProxy;
			containerPortal = 8F8E02E21D32DCA00014BE9A /* Project object */;
			proxyType = 1;
			remoteGlobalIDString = 8F8E02E91D32DCA00014BE9A;
			remoteInfo = "swift-pushupprotocols";
		};
/* End PBXContainerItemProxy section */

/* Begin PBXFileReference section */
		31BD72B5CBB6A6B955495DC3 /* Pods-swift-pushupprotocolsTests.debug.xcconfig */ = {isa = PBXFileReference; includeInIndex = 1; lastKnownFileType = text.xcconfig; name = "Pods-swift-pushupprotocolsTests.debug.xcconfig"; path = "Pods/Target Support Files/Pods-swift-pushupprotocolsTests/Pods-swift-pushupprotocolsTests.debug.xcconfig"; sourceTree = "<group>"; };
		33A3F5918A831D46BA359DD1 /* Pods-swift-pushupprotocols.release.xcconfig */ = {isa = PBXFileReference; includeInIndex = 1; lastKnownFileType = text.xcconfig; name = "Pods-swift-pushupprotocols.release.xcconfig"; path = "Pods/Target Support Files/Pods-swift-pushupprotocols/Pods-swift-pushupprotocols.release.xcconfig"; sourceTree = "<group>"; };
		72857A9213B90A0AF02656F6 /* Pods-swift-pushupprotocols.debug.xcconfig */ = {isa = PBXFileReference; includeInIndex = 1; lastKnownFileType = text.xcconfig; name = "Pods-swift-pushupprotocols.debug.xcconfig"; path = "Pods/Target Support Files/Pods-swift-pushupprotocols/Pods-swift-pushupprotocols.debug.xcconfig"; sourceTree = "<group>"; };
		8F8E02EA1D32DCA00014BE9A /* swift-pushupprotocols.app */ = {isa = PBXFileReference; explicitFileType = wrapper.application; includeInIndex = 0; path = "swift-pushupprotocols.app"; sourceTree = BUILT_PRODUCTS_DIR; };
		8F8E02ED1D32DCA00014BE9A /* AppDelegate.swift */ = {isa = PBXFileReference; lastKnownFileType = sourcecode.swift; path = AppDelegate.swift; sourceTree = "<group>"; };
		8F8E02F41D32DCA00014BE9A /* Assets.xcassets */ = {isa = PBXFileReference; lastKnownFileType = folder.assetcatalog; path = Assets.xcassets; sourceTree = "<group>"; };
		8F8E02F71D32DCA00014BE9A /* Base */ = {isa = PBXFileReference; lastKnownFileType = file.storyboard; name = Base; path = Base.lproj/LaunchScreen.storyboard; sourceTree = "<group>"; };
		8F8E02F91D32DCA00014BE9A /* Info.plist */ = {isa = PBXFileReference; lastKnownFileType = text.plist.xml; path = Info.plist; sourceTree = "<group>"; };
		8F8E02FE1D32DCA00014BE9A /* swift-pushupprotocolsTests.xctest */ = {isa = PBXFileReference; explicitFileType = wrapper.cfbundle; includeInIndex = 0; path = "swift-pushupprotocolsTests.xctest"; sourceTree = BUILT_PRODUCTS_DIR; };
		8F8E03021D32DCA00014BE9A /* swift_pushupprotocolsTests.swift */ = {isa = PBXFileReference; lastKnownFileType = sourcecode.swift; path = swift_pushupprotocolsTests.swift; sourceTree = "<group>"; };
		8F8E03041D32DCA00014BE9A /* Info.plist */ = {isa = PBXFileReference; lastKnownFileType = text.plist.xml; path = Info.plist; sourceTree = "<group>"; };
		8F8E030D1D32DD880014BE9A /* Main.storyboard */ = {isa = PBXFileReference; fileEncoding = 4; lastKnownFileType = file.storyboard; path = Main.storyboard; sourceTree = "<group>"; };
		8F8E030F1D32DDC70014BE9A /* StatsViewController.swift */ = {isa = PBXFileReference; fileEncoding = 4; lastKnownFileType = sourcecode.swift; path = StatsViewController.swift; sourceTree = "<group>"; };
		8F8E03111D32DDD60014BE9A /* AddEntryViewController.swift */ = {isa = PBXFileReference; fileEncoding = 4; lastKnownFileType = sourcecode.swift; path = AddEntryViewController.swift; sourceTree = "<group>"; };
		8F8E03151D32DE3E0014BE9A /* FISWorkout.swift */ = {isa = PBXFileReference; fileEncoding = 4; lastKnownFileType = sourcecode.swift; path = FISWorkout.swift; sourceTree = "<group>"; };
		8F8E03171D32DE500014BE9A /* FISExercise.swift */ = {isa = PBXFileReference; fileEncoding = 4; lastKnownFileType = sourcecode.swift; path = FISExercise.swift; sourceTree = "<group>"; };
		EEEBE33B3D2781973072DC0A /* Pods-swift-pushupprotocolsTests.release.xcconfig */ = {isa = PBXFileReference; includeInIndex = 1; lastKnownFileType = text.xcconfig; name = "Pods-swift-pushupprotocolsTests.release.xcconfig"; path = "Pods/Target Support Files/Pods-swift-pushupprotocolsTests/Pods-swift-pushupprotocolsTests.release.xcconfig"; sourceTree = "<group>"; };
/* End PBXFileReference section */

/* Begin PBXFrameworksBuildPhase section */
		8F8E02E71D32DCA00014BE9A /* Frameworks */ = {
			isa = PBXFrameworksBuildPhase;
			buildActionMask = 2147483647;
			files = (
			);
			runOnlyForDeploymentPostprocessing = 0;
		};
		8F8E02FB1D32DCA00014BE9A /* Frameworks */ = {
			isa = PBXFrameworksBuildPhase;
			buildActionMask = 2147483647;
			files = (
			);
			runOnlyForDeploymentPostprocessing = 0;
		};
/* End PBXFrameworksBuildPhase section */

/* Begin PBXGroup section */
		50CE5307AAC4B476F7C2FA81 /* Pods */ = {
			isa = PBXGroup;
			children = (
				72857A9213B90A0AF02656F6 /* Pods-swift-pushupprotocols.debug.xcconfig */,
				33A3F5918A831D46BA359DD1 /* Pods-swift-pushupprotocols.release.xcconfig */,
				31BD72B5CBB6A6B955495DC3 /* Pods-swift-pushupprotocolsTests.debug.xcconfig */,
				EEEBE33B3D2781973072DC0A /* Pods-swift-pushupprotocolsTests.release.xcconfig */,
			);
			name = Pods;
			sourceTree = "<group>";
		};
		8F8E02E11D32DCA00014BE9A = {
			isa = PBXGroup;
			children = (
				8F8E02EC1D32DCA00014BE9A /* swift-pushupprotocols */,
				8F8E03011D32DCA00014BE9A /* swift-pushupprotocolsTests */,
				8F8E02EB1D32DCA00014BE9A /* Products */,
				50CE5307AAC4B476F7C2FA81 /* Pods */,
				C940539D6C0F029CD678CE47 /* Frameworks */,
			);
			sourceTree = "<group>";
		};
		8F8E02EB1D32DCA00014BE9A /* Products */ = {
			isa = PBXGroup;
			children = (
				8F8E02EA1D32DCA00014BE9A /* swift-pushupprotocols.app */,
				8F8E02FE1D32DCA00014BE9A /* swift-pushupprotocolsTests.xctest */,
			);
			name = Products;
			sourceTree = "<group>";
		};
		8F8E02EC1D32DCA00014BE9A /* swift-pushupprotocols */ = {
			isa = PBXGroup;
			children = (
				8F8E03251D34B2600014BE9A /* ViewControllers */,
				8F8E03261D34B26C0014BE9A /* Models */,
				8F8E03271D34B2760014BE9A /* Resources */,
			);
			path = "swift-pushupprotocols";
			sourceTree = "<group>";
		};
		8F8E03011D32DCA00014BE9A /* swift-pushupprotocolsTests */ = {
			isa = PBXGroup;
			children = (
				8F8E03021D32DCA00014BE9A /* swift_pushupprotocolsTests.swift */,
				8F8E03041D32DCA00014BE9A /* Info.plist */,
			);
			path = "swift-pushupprotocolsTests";
			sourceTree = "<group>";
		};
		8F8E03251D34B2600014BE9A /* ViewControllers */ = {
			isa = PBXGroup;
			children = (
				8F8E030F1D32DDC70014BE9A /* StatsViewController.swift */,
				8F8E03111D32DDD60014BE9A /* AddEntryViewController.swift */,
			);
			name = ViewControllers;
			sourceTree = "<group>";
		};
		8F8E03261D34B26C0014BE9A /* Models */ = {
			isa = PBXGroup;
			children = (
				8F8E03151D32DE3E0014BE9A /* FISWorkout.swift */,
				8F8E03171D32DE500014BE9A /* FISExercise.swift */,
			);
			name = Models;
			sourceTree = "<group>";
		};
		8F8E03271D34B2760014BE9A /* Resources */ = {
			isa = PBXGroup;
			children = (
				8F8E02ED1D32DCA00014BE9A /* AppDelegate.swift */,
				8F8E030D1D32DD880014BE9A /* Main.storyboard */,
				8F8E02F61D32DCA00014BE9A /* LaunchScreen.storyboard */,
				8F8E02F41D32DCA00014BE9A /* Assets.xcassets */,
				8F8E02F91D32DCA00014BE9A /* Info.plist */,
			);
			name = Resources;
			sourceTree = "<group>";
		};
		C940539D6C0F029CD678CE47 /* Frameworks */ = {
			isa = PBXGroup;
			children = (
			);
			name = Frameworks;
			sourceTree = "<group>";
		};
/* End PBXGroup section */

/* Begin PBXNativeTarget section */
		8F8E02E91D32DCA00014BE9A /* swift-pushupprotocols */ = {
			isa = PBXNativeTarget;
			buildConfigurationList = 8F8E03071D32DCA00014BE9A /* Build configuration list for PBXNativeTarget "swift-pushupprotocols" */;
			buildPhases = (
				8ADFF0FCDA130218DF808AB8 /* 📦 Check Pods Manifest.lock */,
				912F34AB1878B4BA96098BB6 /* [CP] Check Pods Manifest.lock */,
				8F8E02E61D32DCA00014BE9A /* Sources */,
				8F8E02E71D32DCA00014BE9A /* Frameworks */,
				8F8E02E81D32DCA00014BE9A /* Resources */,
				A73CFC4B8215DBE2ED5CF18E /* [CP] Embed Pods Frameworks */,
				76478320297EA3B985971317 /* [CP] Copy Pods Resources */,
				D1E55660CF546ACD80736D21 /* 📦 Embed Pods Frameworks */,
				CB2C30FFEA65A255A52DBDBC /* 📦 Copy Pods Resources */,
			);
			buildRules = (
			);
			dependencies = (
			);
			name = "swift-pushupprotocols";
			productName = "swift-pushupprotocols";
			productReference = 8F8E02EA1D32DCA00014BE9A /* swift-pushupprotocols.app */;
			productType = "com.apple.product-type.application";
		};
		8F8E02FD1D32DCA00014BE9A /* swift-pushupprotocolsTests */ = {
			isa = PBXNativeTarget;
			buildConfigurationList = 8F8E030A1D32DCA00014BE9A /* Build configuration list for PBXNativeTarget "swift-pushupprotocolsTests" */;
			buildPhases = (
				6A5D9747569590A79E56BF68 /* 📦 Check Pods Manifest.lock */,
				A7F64D8099140B353CFCD758 /* [CP] Check Pods Manifest.lock */,
				8F8E02FA1D32DCA00014BE9A /* Sources */,
				8F8E02FB1D32DCA00014BE9A /* Frameworks */,
				8F8E02FC1D32DCA00014BE9A /* Resources */,
				01C9510E83CC07944916B809 /* [CP] Embed Pods Frameworks */,
				4C163176B38C42CA99722C66 /* [CP] Copy Pods Resources */,
				07E54330D7261860C590FCCD /* 📦 Embed Pods Frameworks */,
				78B4414824396BE1A307B149 /* 📦 Copy Pods Resources */,
			);
			buildRules = (
			);
			dependencies = (
				8F8E03001D32DCA00014BE9A /* PBXTargetDependency */,
			);
			name = "swift-pushupprotocolsTests";
			productName = "swift-pushupprotocolsTests";
			productReference = 8F8E02FE1D32DCA00014BE9A /* swift-pushupprotocolsTests.xctest */;
			productType = "com.apple.product-type.bundle.unit-test";
		};
/* End PBXNativeTarget section */

/* Begin PBXProject section */
		8F8E02E21D32DCA00014BE9A /* Project object */ = {
			isa = PBXProject;
			attributes = {
				LastSwiftUpdateCheck = 0730;
				LastUpgradeCheck = 0730;
				ORGANIZATIONNAME = "Johann Kerr";
				TargetAttributes = {
					8F8E02E91D32DCA00014BE9A = {
						CreatedOnToolsVersion = 7.3.1;
						LastSwiftMigration = 0800;
					};
					8F8E02FD1D32DCA00014BE9A = {
						CreatedOnToolsVersion = 7.3.1;
						LastSwiftMigration = 0800;
						TestTargetID = 8F8E02E91D32DCA00014BE9A;
					};
				};
			};
			buildConfigurationList = 8F8E02E51D32DCA00014BE9A /* Build configuration list for PBXProject "swift-pushupprotocols" */;
			compatibilityVersion = "Xcode 3.2";
			developmentRegion = English;
			hasScannedForEncodings = 0;
			knownRegions = (
				en,
				Base,
			);
			mainGroup = 8F8E02E11D32DCA00014BE9A;
			productRefGroup = 8F8E02EB1D32DCA00014BE9A /* Products */;
			projectDirPath = "";
			projectRoot = "";
			targets = (
				8F8E02E91D32DCA00014BE9A /* swift-pushupprotocols */,
				8F8E02FD1D32DCA00014BE9A /* swift-pushupprotocolsTests */,
			);
		};
/* End PBXProject section */

/* Begin PBXResourcesBuildPhase section */
		8F8E02E81D32DCA00014BE9A /* Resources */ = {
			isa = PBXResourcesBuildPhase;
			buildActionMask = 2147483647;
			files = (
				8F8E02F81D32DCA00014BE9A /* LaunchScreen.storyboard in Resources */,
				8F8E02F51D32DCA00014BE9A /* Assets.xcassets in Resources */,
				8F8E030E1D32DD880014BE9A /* Main.storyboard in Resources */,
			);
			runOnlyForDeploymentPostprocessing = 0;
		};
		8F8E02FC1D32DCA00014BE9A /* Resources */ = {
			isa = PBXResourcesBuildPhase;
			buildActionMask = 2147483647;
			files = (
			);
			runOnlyForDeploymentPostprocessing = 0;
		};
/* End PBXResourcesBuildPhase section */

/* Begin PBXShellScriptBuildPhase section */
		01C9510E83CC07944916B809 /* [CP] Embed Pods Frameworks */ = {
			isa = PBXShellScriptBuildPhase;
			buildActionMask = 2147483647;
			files = (
			);
			inputPaths = (
			);
			name = "[CP] Embed Pods Frameworks";
			outputPaths = (
			);
			runOnlyForDeploymentPostprocessing = 0;
			shellPath = /bin/sh;
			shellScript = "\"${SRCROOT}/Pods/Target Support Files/Pods-swift-pushupprotocolsTests/Pods-swift-pushupprotocolsTests-frameworks.sh\"\n";
			showEnvVarsInLog = 0;
		};
		07E54330D7261860C590FCCD /* 📦 Embed Pods Frameworks */ = {
			isa = PBXShellScriptBuildPhase;
			buildActionMask = 2147483647;
			files = (
			);
			inputPaths = (
			);
			name = "📦 Embed Pods Frameworks";
			outputPaths = (
			);
			runOnlyForDeploymentPostprocessing = 0;
			shellPath = /bin/sh;
			shellScript = "\"${SRCROOT}/Pods/Target Support Files/Pods-swift-pushupprotocolsTests/Pods-swift-pushupprotocolsTests-frameworks.sh\"\n";
			showEnvVarsInLog = 0;
		};
		4C163176B38C42CA99722C66 /* [CP] Copy Pods Resources */ = {
			isa = PBXShellScriptBuildPhase;
			buildActionMask = 2147483647;
			files = (
			);
			inputPaths = (
			);
			name = "[CP] Copy Pods Resources";
			outputPaths = (
			);
			runOnlyForDeploymentPostprocessing = 0;
			shellPath = /bin/sh;
			shellScript = "\"${SRCROOT}/Pods/Target Support Files/Pods-swift-pushupprotocolsTests/Pods-swift-pushupprotocolsTests-resources.sh\"\n";
			showEnvVarsInLog = 0;
		};
		6A5D9747569590A79E56BF68 /* 📦 Check Pods Manifest.lock */ = {
			isa = PBXShellScriptBuildPhase;
			buildActionMask = 2147483647;
			files = (
			);
			inputPaths = (
			);
			name = "📦 Check Pods Manifest.lock";
			outputPaths = (
			);
			runOnlyForDeploymentPostprocessing = 0;
			shellPath = /bin/sh;
			shellScript = "diff \"${PODS_ROOT}/../Podfile.lock\" \"${PODS_ROOT}/Manifest.lock\" > /dev/null\nif [[ $? != 0 ]] ; then\n    cat << EOM\nerror: The sandbox is not in sync with the Podfile.lock. Run 'pod install' or update your CocoaPods installation.\nEOM\n    exit 1\nfi\n";
			showEnvVarsInLog = 0;
		};
		76478320297EA3B985971317 /* [CP] Copy Pods Resources */ = {
			isa = PBXShellScriptBuildPhase;
			buildActionMask = 2147483647;
			files = (
			);
			inputPaths = (
			);
			name = "[CP] Copy Pods Resources";
			outputPaths = (
			);
			runOnlyForDeploymentPostprocessing = 0;
			shellPath = /bin/sh;
			shellScript = "\"${SRCROOT}/Pods/Target Support Files/Pods-swift-pushupprotocols/Pods-swift-pushupprotocols-resources.sh\"\n";
			showEnvVarsInLog = 0;
		};
		78B4414824396BE1A307B149 /* 📦 Copy Pods Resources */ = {
			isa = PBXShellScriptBuildPhase;
			buildActionMask = 2147483647;
			files = (
			);
			inputPaths = (
			);
			name = "📦 Copy Pods Resources";
			outputPaths = (
			);
			runOnlyForDeploymentPostprocessing = 0;
			shellPath = /bin/sh;
			shellScript = "\"${SRCROOT}/Pods/Target Support Files/Pods-swift-pushupprotocolsTests/Pods-swift-pushupprotocolsTests-resources.sh\"\n";
			showEnvVarsInLog = 0;
		};
		8ADFF0FCDA130218DF808AB8 /* 📦 Check Pods Manifest.lock */ = {
			isa = PBXShellScriptBuildPhase;
			buildActionMask = 2147483647;
			files = (
			);
			inputPaths = (
			);
			name = "📦 Check Pods Manifest.lock";
			outputPaths = (
			);
			runOnlyForDeploymentPostprocessing = 0;
			shellPath = /bin/sh;
			shellScript = "diff \"${PODS_ROOT}/../Podfile.lock\" \"${PODS_ROOT}/Manifest.lock\" > /dev/null\nif [[ $? != 0 ]] ; then\n    cat << EOM\nerror: The sandbox is not in sync with the Podfile.lock. Run 'pod install' or update your CocoaPods installation.\nEOM\n    exit 1\nfi\n";
			showEnvVarsInLog = 0;
		};
		912F34AB1878B4BA96098BB6 /* [CP] Check Pods Manifest.lock */ = {
			isa = PBXShellScriptBuildPhase;
			buildActionMask = 2147483647;
			files = (
			);
			inputPaths = (
			);
			name = "[CP] Check Pods Manifest.lock";
			outputPaths = (
			);
			runOnlyForDeploymentPostprocessing = 0;
			shellPath = /bin/sh;
			shellScript = "diff \"${PODS_ROOT}/../Podfile.lock\" \"${PODS_ROOT}/Manifest.lock\" > /dev/null\nif [[ $? != 0 ]] ; then\n    cat << EOM\nerror: The sandbox is not in sync with the Podfile.lock. Run 'pod install' or update your CocoaPods installation.\nEOM\n    exit 1\nfi\n";
			showEnvVarsInLog = 0;
		};
		A73CFC4B8215DBE2ED5CF18E /* [CP] Embed Pods Frameworks */ = {
			isa = PBXShellScriptBuildPhase;
			buildActionMask = 2147483647;
			files = (
			);
			inputPaths = (
			);
			name = "[CP] Embed Pods Frameworks";
			outputPaths = (
			);
			runOnlyForDeploymentPostprocessing = 0;
			shellPath = /bin/sh;
			shellScript = "\"${SRCROOT}/Pods/Target Support Files/Pods-swift-pushupprotocols/Pods-swift-pushupprotocols-frameworks.sh\"\n";
			showEnvVarsInLog = 0;
		};
		A7F64D8099140B353CFCD758 /* [CP] Check Pods Manifest.lock */ = {
			isa = PBXShellScriptBuildPhase;
			buildActionMask = 2147483647;
			files = (
			);
			inputPaths = (
			);
			name = "[CP] Check Pods Manifest.lock";
			outputPaths = (
			);
			runOnlyForDeploymentPostprocessing = 0;
			shellPath = /bin/sh;
			shellScript = "diff \"${PODS_ROOT}/../Podfile.lock\" \"${PODS_ROOT}/Manifest.lock\" > /dev/null\nif [[ $? != 0 ]] ; then\n    cat << EOM\nerror: The sandbox is not in sync with the Podfile.lock. Run 'pod install' or update your CocoaPods installation.\nEOM\n    exit 1\nfi\n";
			showEnvVarsInLog = 0;
		};
		CB2C30FFEA65A255A52DBDBC /* 📦 Copy Pods Resources */ = {
			isa = PBXShellScriptBuildPhase;
			buildActionMask = 2147483647;
			files = (
			);
			inputPaths = (
			);
			name = "📦 Copy Pods Resources";
			outputPaths = (
			);
			runOnlyForDeploymentPostprocessing = 0;
			shellPath = /bin/sh;
			shellScript = "\"${SRCROOT}/Pods/Target Support Files/Pods-swift-pushupprotocols/Pods-swift-pushupprotocols-resources.sh\"\n";
			showEnvVarsInLog = 0;
		};
		D1E55660CF546ACD80736D21 /* 📦 Embed Pods Frameworks */ = {
			isa = PBXShellScriptBuildPhase;
			buildActionMask = 2147483647;
			files = (
			);
			inputPaths = (
			);
			name = "📦 Embed Pods Frameworks";
			outputPaths = (
			);
			runOnlyForDeploymentPostprocessing = 0;
			shellPath = /bin/sh;
			shellScript = "\"${SRCROOT}/Pods/Target Support Files/Pods-swift-pushupprotocols/Pods-swift-pushupprotocols-frameworks.sh\"\n";
			showEnvVarsInLog = 0;
		};
/* End PBXShellScriptBuildPhase section */

/* Begin PBXSourcesBuildPhase section */
		8F8E02E61D32DCA00014BE9A /* Sources */ = {
			isa = PBXSourcesBuildPhase;
			buildActionMask = 2147483647;
			files = (
				8F8E03121D32DDD60014BE9A /* AddEntryViewController.swift in Sources */,
				8F8E03161D32DE3E0014BE9A /* FISWorkout.swift in Sources */,
				8F8E03101D32DDC70014BE9A /* StatsViewController.swift in Sources */,
				8F8E03181D32DE500014BE9A /* FISExercise.swift in Sources */,
				8F8E02EE1D32DCA00014BE9A /* AppDelegate.swift in Sources */,
			);
			runOnlyForDeploymentPostprocessing = 0;
		};
		8F8E02FA1D32DCA00014BE9A /* Sources */ = {
			isa = PBXSourcesBuildPhase;
			buildActionMask = 2147483647;
			files = (
				8F8E03031D32DCA00014BE9A /* swift_pushupprotocolsTests.swift in Sources */,
			);
			runOnlyForDeploymentPostprocessing = 0;
		};
/* End PBXSourcesBuildPhase section */

/* Begin PBXTargetDependency section */
		8F8E03001D32DCA00014BE9A /* PBXTargetDependency */ = {
			isa = PBXTargetDependency;
			target = 8F8E02E91D32DCA00014BE9A /* swift-pushupprotocols */;
			targetProxy = 8F8E02FF1D32DCA00014BE9A /* PBXContainerItemProxy */;
		};
/* End PBXTargetDependency section */

/* Begin PBXVariantGroup section */
		8F8E02F61D32DCA00014BE9A /* LaunchScreen.storyboard */ = {
			isa = PBXVariantGroup;
			children = (
				8F8E02F71D32DCA00014BE9A /* Base */,
			);
			name = LaunchScreen.storyboard;
			sourceTree = "<group>";
		};
/* End PBXVariantGroup section */

/* Begin XCBuildConfiguration section */
		8F8E03051D32DCA00014BE9A /* Debug */ = {
			isa = XCBuildConfiguration;
			buildSettings = {
				ALWAYS_SEARCH_USER_PATHS = NO;
				CLANG_ANALYZER_NONNULL = YES;
				CLANG_CXX_LANGUAGE_STANDARD = "gnu++0x";
				CLANG_CXX_LIBRARY = "libc++";
				CLANG_ENABLE_MODULES = YES;
				CLANG_ENABLE_OBJC_ARC = YES;
				CLANG_WARN_BOOL_CONVERSION = YES;
				CLANG_WARN_CONSTANT_CONVERSION = YES;
				CLANG_WARN_DIRECT_OBJC_ISA_USAGE = YES_ERROR;
				CLANG_WARN_EMPTY_BODY = YES;
				CLANG_WARN_ENUM_CONVERSION = YES;
				CLANG_WARN_INT_CONVERSION = YES;
				CLANG_WARN_OBJC_ROOT_CLASS = YES_ERROR;
				CLANG_WARN_UNREACHABLE_CODE = YES;
				CLANG_WARN__DUPLICATE_METHOD_MATCH = YES;
				"CODE_SIGN_IDENTITY[sdk=iphoneos*]" = "iPhone Developer";
				COPY_PHASE_STRIP = NO;
				DEBUG_INFORMATION_FORMAT = dwarf;
				ENABLE_STRICT_OBJC_MSGSEND = YES;
				ENABLE_TESTABILITY = YES;
				GCC_C_LANGUAGE_STANDARD = gnu99;
				GCC_DYNAMIC_NO_PIC = NO;
				GCC_NO_COMMON_BLOCKS = YES;
				GCC_OPTIMIZATION_LEVEL = 0;
				GCC_PREPROCESSOR_DEFINITIONS = (
					"DEBUG=1",
					"$(inherited)",
				);
				GCC_WARN_64_TO_32_BIT_CONVERSION = YES;
				GCC_WARN_ABOUT_RETURN_TYPE = YES_ERROR;
				GCC_WARN_UNDECLARED_SELECTOR = YES;
				GCC_WARN_UNINITIALIZED_AUTOS = YES_AGGRESSIVE;
				GCC_WARN_UNUSED_FUNCTION = YES;
				GCC_WARN_UNUSED_VARIABLE = YES;
				IPHONEOS_DEPLOYMENT_TARGET = 9.3;
				MTL_ENABLE_DEBUG_INFO = YES;
				ONLY_ACTIVE_ARCH = YES;
				SDKROOT = iphoneos;
				SWIFT_OPTIMIZATION_LEVEL = "-Onone";
			};
			name = Debug;
		};
		8F8E03061D32DCA00014BE9A /* Release */ = {
			isa = XCBuildConfiguration;
			buildSettings = {
				ALWAYS_SEARCH_USER_PATHS = NO;
				CLANG_ANALYZER_NONNULL = YES;
				CLANG_CXX_LANGUAGE_STANDARD = "gnu++0x";
				CLANG_CXX_LIBRARY = "libc++";
				CLANG_ENABLE_MODULES = YES;
				CLANG_ENABLE_OBJC_ARC = YES;
				CLANG_WARN_BOOL_CONVERSION = YES;
				CLANG_WARN_CONSTANT_CONVERSION = YES;
				CLANG_WARN_DIRECT_OBJC_ISA_USAGE = YES_ERROR;
				CLANG_WARN_EMPTY_BODY = YES;
				CLANG_WARN_ENUM_CONVERSION = YES;
				CLANG_WARN_INT_CONVERSION = YES;
				CLANG_WARN_OBJC_ROOT_CLASS = YES_ERROR;
				CLANG_WARN_UNREACHABLE_CODE = YES;
				CLANG_WARN__DUPLICATE_METHOD_MATCH = YES;
				"CODE_SIGN_IDENTITY[sdk=iphoneos*]" = "iPhone Developer";
				COPY_PHASE_STRIP = NO;
				DEBUG_INFORMATION_FORMAT = "dwarf-with-dsym";
				ENABLE_NS_ASSERTIONS = NO;
				ENABLE_STRICT_OBJC_MSGSEND = YES;
				GCC_C_LANGUAGE_STANDARD = gnu99;
				GCC_NO_COMMON_BLOCKS = YES;
				GCC_WARN_64_TO_32_BIT_CONVERSION = YES;
				GCC_WARN_ABOUT_RETURN_TYPE = YES_ERROR;
				GCC_WARN_UNDECLARED_SELECTOR = YES;
				GCC_WARN_UNINITIALIZED_AUTOS = YES_AGGRESSIVE;
				GCC_WARN_UNUSED_FUNCTION = YES;
				GCC_WARN_UNUSED_VARIABLE = YES;
				IPHONEOS_DEPLOYMENT_TARGET = 9.3;
				MTL_ENABLE_DEBUG_INFO = NO;
				SDKROOT = iphoneos;
				VALIDATE_PRODUCT = YES;
			};
			name = Release;
		};
		8F8E03081D32DCA00014BE9A /* Debug */ = {
			isa = XCBuildConfiguration;
			baseConfigurationReference = 72857A9213B90A0AF02656F6 /* Pods-swift-pushupprotocols.debug.xcconfig */;
			buildSettings = {
				ASSETCATALOG_COMPILER_APPICON_NAME = AppIcon;
				INFOPLIST_FILE = "swift-pushupprotocols/Info.plist";
				LD_RUNPATH_SEARCH_PATHS = "$(inherited) @executable_path/Frameworks";
				PRODUCT_BUNDLE_IDENTIFIER = "com.FlatironSchool.swift-pushupprotocols";
				PRODUCT_NAME = "$(TARGET_NAME)";
				SWIFT_VERSION = 3.0;
			};
			name = Debug;
		};
		8F8E03091D32DCA00014BE9A /* Release */ = {
			isa = XCBuildConfiguration;
			baseConfigurationReference = 33A3F5918A831D46BA359DD1 /* Pods-swift-pushupprotocols.release.xcconfig */;
			buildSettings = {
				ASSETCATALOG_COMPILER_APPICON_NAME = AppIcon;
				INFOPLIST_FILE = "swift-pushupprotocols/Info.plist";
				LD_RUNPATH_SEARCH_PATHS = "$(inherited) @executable_path/Frameworks";
				PRODUCT_BUNDLE_IDENTIFIER = "com.FlatironSchool.swift-pushupprotocols";
				PRODUCT_NAME = "$(TARGET_NAME)";
				SWIFT_VERSION = 3.0;
			};
			name = Release;
		};
		8F8E030B1D32DCA00014BE9A /* Debug */ = {
			isa = XCBuildConfiguration;
			baseConfigurationReference = 31BD72B5CBB6A6B955495DC3 /* Pods-swift-pushupprotocolsTests.debug.xcconfig */;
			buildSettings = {
				BUNDLE_LOADER = "$(TEST_HOST)";
				INFOPLIST_FILE = "swift-pushupprotocolsTests/Info.plist";
				LD_RUNPATH_SEARCH_PATHS = "$(inherited) @executable_path/Frameworks @loader_path/Frameworks";
				PRODUCT_BUNDLE_IDENTIFIER = "com.FlatironSchool.swift-pushupprotocolsTests";
				PRODUCT_NAME = "$(TARGET_NAME)";
				SWIFT_VERSION = 3.0;
				TEST_HOST = "$(BUILT_PRODUCTS_DIR)/swift-pushupprotocols.app/swift-pushupprotocols";
			};
			name = Debug;
		};
		8F8E030C1D32DCA00014BE9A /* Release */ = {
			isa = XCBuildConfiguration;
			baseConfigurationReference = EEEBE33B3D2781973072DC0A /* Pods-swift-pushupprotocolsTests.release.xcconfig */;
			buildSettings = {
				BUNDLE_LOADER = "$(TEST_HOST)";
				INFOPLIST_FILE = "swift-pushupprotocolsTests/Info.plist";
				LD_RUNPATH_SEARCH_PATHS = "$(inherited) @executable_path/Frameworks @loader_path/Frameworks";
				PRODUCT_BUNDLE_IDENTIFIER = "com.FlatironSchool.swift-pushupprotocolsTests";
				PRODUCT_NAME = "$(TARGET_NAME)";
				SWIFT_VERSION = 3.0;
				TEST_HOST = "$(BUILT_PRODUCTS_DIR)/swift-pushupprotocols.app/swift-pushupprotocols";
			};
			name = Release;
		};
/* End XCBuildConfiguration section */

/* Begin XCConfigurationList section */
		8F8E02E51D32DCA00014BE9A /* Build configuration list for PBXProject "swift-pushupprotocols" */ = {
			isa = XCConfigurationList;
			buildConfigurations = (
				8F8E03051D32DCA00014BE9A /* Debug */,
				8F8E03061D32DCA00014BE9A /* Release */,
			);
			defaultConfigurationIsVisible = 0;
			defaultConfigurationName = Release;
		};
		8F8E03071D32DCA00014BE9A /* Build configuration list for PBXNativeTarget "swift-pushupprotocols" */ = {
			isa = XCConfigurationList;
			buildConfigurations = (
				8F8E03081D32DCA00014BE9A /* Debug */,
				8F8E03091D32DCA00014BE9A /* Release */,
			);
			defaultConfigurationIsVisible = 0;
			defaultConfigurationName = Release;
		};
		8F8E030A1D32DCA00014BE9A /* Build configuration list for PBXNativeTarget "swift-pushupprotocolsTests" */ = {
			isa = XCConfigurationList;
			buildConfigurations = (
				8F8E030B1D32DCA00014BE9A /* Debug */,
				8F8E030C1D32DCA00014BE9A /* Release */,
			);
			defaultConfigurationIsVisible = 0;
			defaultConfigurationName = Release;
		};
/* End XCConfigurationList section */
	};
	rootObject = 8F8E02E21D32DCA00014BE9A /* Project object */;
}
